
Microsoft Visual Studio Solution File, Format Version 12.00
# Visual Studio 14
VisualStudioVersion = 14.0.25420.1
MinimumVisualStudioVersion = 10.0.40219.1
Project("{2150E333-8FDC-42A3-9474-1A3956D46DE8}") = "src", "src", "{AFAA0841-BD93-466F-B8F4-FB4EEC86F1FC}"
EndProject
Project("{2150E333-8FDC-42A3-9474-1A3956D46DE8}") = "Solution Items", "Solution Items", "{8326CDCE-1AB4-4188-96E1-640A068AE3AE}"
	ProjectSection(SolutionItems) = preProject
		global.json = global.json
	EndProjectSection
EndProject
Project("{8BB2217D-0F2D-49D1-97BC-3654ED321F3B}") = "Verno.Portal.Web", "src\Verno.Portal.Web\Verno.Portal.Web.xproj", "{A2213374-BB48-48FD-BBD4-81E6A961D866}"
EndProject
Project("{8BB2217D-0F2D-49D1-97BC-3654ED321F3B}") = "Verno.Web", "src\Verno.Web\Verno.Web.xproj", "{0FA75A5B-AB83-4FD0-B545-279774C01E87}"
EndProject
Project("{8BB2217D-0F2D-49D1-97BC-3654ED321F3B}") = "Verno.Reports.Application", "src\Verno.Reports.Application\Verno.Reports.Application.xproj", "{3870C648-4AEA-4B85-BA3F-F2F63B96136A}"
EndProject
Project("{8BB2217D-0F2D-49D1-97BC-3654ED321F3B}") = "Verno.Reports.EntityFrameworkCore", "src\Verno.Reports.EntityFrameworkCore\Verno.Reports.EntityFrameworkCore.xproj", "{DC780BC4-4EAC-4C63-9052-6F3169A59FA4}"
EndProject
Project("{2150E333-8FDC-42A3-9474-1A3956D46DE8}") = "test", "test", "{F10AA149-2626-486E-85BB-9CD5365F3016}"
EndProject
Project("{8BB2217D-0F2D-49D1-97BC-3654ED321F3B}") = "Verno.Reports.Tests", "test\Verno.Reports.Tests\Verno.Reports.Tests.xproj", "{0D4C5D00-C144-4213-A007-4B8944113AB1}"
EndProject
Project("{8BB2217D-0F2D-49D1-97BC-3654ED321F3B}") = "Verno.Identity.Core", "src\Verno.Identity.Core\Verno.Identity.Core.xproj", "{F488C834-B91A-4117-BD4E-C889E6C5617D}"
EndProject
Project("{8BB2217D-0F2D-49D1-97BC-3654ED321F3B}") = "Verno.Identity.Application", "src\Verno.Identity.Application\Verno.Identity.Application.xproj", "{29CB663A-00F0-4EB0-8BE6-2B4AC783207E}"
EndProject
Project("{8BB2217D-0F2D-49D1-97BC-3654ED321F3B}") = "Verno.Reports.Core", "src\Verno.Reports.Core\Verno.Reports.Core.xproj", "{15734BA8-3FFA-47B1-A347-881C6682D38B}"
EndProject
Project("{8BB2217D-0F2D-49D1-97BC-3654ED321F3B}") = "ImportFromSql", "src\ImportFromSql\ImportFromSql.xproj", "{319B7317-72B7-4CBC-8D12-27BD8F02FD82}"
EndProject
Project("{8BB2217D-0F2D-49D1-97BC-3654ED321F3B}") = "Verno.Core", "src\Verno.Core\Verno.Core.xproj", "{96EE8D7E-4BD1-4554-BBA9-1B9B05FD8B71}"
EndProject
Project("{8BB2217D-0F2D-49D1-97BC-3654ED321F3B}") = "Verno.Reports.Core.Tests", "test\Verno.Reports.Core.Tests\Verno.Reports.Core.Tests.xproj", "{8D7A248A-7706-4A21-B880-13A96E5E84C5}"
EndProject
Project("{8BB2217D-0F2D-49D1-97BC-3654ED321F3B}") = "Verno.shInfo.Core", "src\Verno.shInfo.Core\Verno.shInfo.Core.xproj", "{4787718D-93C6-48A8-89A2-BCCC3FF85564}"
EndProject
Project("{8BB2217D-0F2D-49D1-97BC-3654ED321F3B}") = "Verno.Abp", "src\Verno.Abp\Verno.Abp.xproj", "{3A7ED42E-5208-4CDC-8BDB-4BDF4E7FA9A4}"
EndProject
Project("{8BB2217D-0F2D-49D1-97BC-3654ED321F3B}") = "DotXLReport", "..\DotXLReport\src\DotXLReport\DotXLReport.xproj", "{430C05AE-566B-4BD6-8927-A78F1CC33469}"
EndProject
Project("{8BB2217D-0F2D-49D1-97BC-3654ED321F3B}") = "DotXLReport.Tests", "..\DotXLReport\test\DotXLReport.Tests\DotXLReport.Tests.xproj", "{E0048C89-AA37-4BC9-ACDF-308FFAF193F7}"
EndProject
Global
	GlobalSection(SolutionConfigurationPlatforms) = preSolution
		Debug|Any CPU = Debug|Any CPU
		Release|Any CPU = Release|Any CPU
	EndGlobalSection
	GlobalSection(ProjectConfigurationPlatforms) = postSolution
		{A2213374-BB48-48FD-BBD4-81E6A961D866}.Debug|Any CPU.ActiveCfg = Debug|Any CPU
		{A2213374-BB48-48FD-BBD4-81E6A961D866}.Debug|Any CPU.Build.0 = Debug|Any CPU
		{A2213374-BB48-48FD-BBD4-81E6A961D866}.Release|Any CPU.ActiveCfg = Release|Any CPU
		{A2213374-BB48-48FD-BBD4-81E6A961D866}.Release|Any CPU.Build.0 = Release|Any CPU
		{0FA75A5B-AB83-4FD0-B545-279774C01E87}.Debug|Any CPU.ActiveCfg = Debug|Any CPU
		{0FA75A5B-AB83-4FD0-B545-279774C01E87}.Debug|Any CPU.Build.0 = Debug|Any CPU
		{0FA75A5B-AB83-4FD0-B545-279774C01E87}.Release|Any CPU.ActiveCfg = Release|Any CPU
		{0FA75A5B-AB83-4FD0-B545-279774C01E87}.Release|Any CPU.Build.0 = Release|Any CPU
		{3870C648-4AEA-4B85-BA3F-F2F63B96136A}.Debug|Any CPU.ActiveCfg = Debug|Any CPU
		{3870C648-4AEA-4B85-BA3F-F2F63B96136A}.Debug|Any CPU.Build.0 = Debug|Any CPU
		{3870C648-4AEA-4B85-BA3F-F2F63B96136A}.Release|Any CPU.ActiveCfg = Release|Any CPU
		{3870C648-4AEA-4B85-BA3F-F2F63B96136A}.Release|Any CPU.Build.0 = Release|Any CPU
		{DC780BC4-4EAC-4C63-9052-6F3169A59FA4}.Debug|Any CPU.ActiveCfg = Debug|Any CPU
		{DC780BC4-4EAC-4C63-9052-6F3169A59FA4}.Debug|Any CPU.Build.0 = Debug|Any CPU
		{DC780BC4-4EAC-4C63-9052-6F3169A59FA4}.Release|Any CPU.ActiveCfg = Release|Any CPU
		{DC780BC4-4EAC-4C63-9052-6F3169A59FA4}.Release|Any CPU.Build.0 = Release|Any CPU
		{0D4C5D00-C144-4213-A007-4B8944113AB1}.Debug|Any CPU.ActiveCfg = Debug|Any CPU
		{0D4C5D00-C144-4213-A007-4B8944113AB1}.Debug|Any CPU.Build.0 = Debug|Any CPU
		{0D4C5D00-C144-4213-A007-4B8944113AB1}.Release|Any CPU.ActiveCfg = Release|Any CPU
		{0D4C5D00-C144-4213-A007-4B8944113AB1}.Release|Any CPU.Build.0 = Release|Any CPU
		{F488C834-B91A-4117-BD4E-C889E6C5617D}.Debug|Any CPU.ActiveCfg = Debug|Any CPU
		{F488C834-B91A-4117-BD4E-C889E6C5617D}.Debug|Any CPU.Build.0 = Debug|Any CPU
		{F488C834-B91A-4117-BD4E-C889E6C5617D}.Release|Any CPU.ActiveCfg = Release|Any CPU
		{F488C834-B91A-4117-BD4E-C889E6C5617D}.Release|Any CPU.Build.0 = Release|Any CPU
		{29CB663A-00F0-4EB0-8BE6-2B4AC783207E}.Debug|Any CPU.ActiveCfg = Debug|Any CPU
		{29CB663A-00F0-4EB0-8BE6-2B4AC783207E}.Debug|Any CPU.Build.0 = Debug|Any CPU
		{29CB663A-00F0-4EB0-8BE6-2B4AC783207E}.Release|Any CPU.ActiveCfg = Release|Any CPU
		{29CB663A-00F0-4EB0-8BE6-2B4AC783207E}.Release|Any CPU.Build.0 = Release|Any CPU
		{15734BA8-3FFA-47B1-A347-881C6682D38B}.Debug|Any CPU.ActiveCfg = Debug|Any CPU
		{15734BA8-3FFA-47B1-A347-881C6682D38B}.Debug|Any CPU.Build.0 = Debug|Any CPU
		{15734BA8-3FFA-47B1-A347-881C6682D38B}.Release|Any CPU.ActiveCfg = Release|Any CPU
		{15734BA8-3FFA-47B1-A347-881C6682D38B}.Release|Any CPU.Build.0 = Release|Any CPU
		{319B7317-72B7-4CBC-8D12-27BD8F02FD82}.Debug|Any CPU.ActiveCfg = Debug|Any CPU
		{319B7317-72B7-4CBC-8D12-27BD8F02FD82}.Debug|Any CPU.Build.0 = Debug|Any CPU
		{319B7317-72B7-4CBC-8D12-27BD8F02FD82}.Release|Any CPU.ActiveCfg = Release|Any CPU
		{319B7317-72B7-4CBC-8D12-27BD8F02FD82}.Release|Any CPU.Build.0 = Release|Any CPU
		{96EE8D7E-4BD1-4554-BBA9-1B9B05FD8B71}.Debug|Any CPU.ActiveCfg = Debug|Any CPU
		{96EE8D7E-4BD1-4554-BBA9-1B9B05FD8B71}.Debug|Any CPU.Build.0 = Debug|Any CPU
		{96EE8D7E-4BD1-4554-BBA9-1B9B05FD8B71}.Release|Any CPU.ActiveCfg = Release|Any CPU
		{96EE8D7E-4BD1-4554-BBA9-1B9B05FD8B71}.Release|Any CPU.Build.0 = Release|Any CPU
		{8D7A248A-7706-4A21-B880-13A96E5E84C5}.Debug|Any CPU.ActiveCfg = Debug|Any CPU
		{8D7A248A-7706-4A21-B880-13A96E5E84C5}.Debug|Any CPU.Build.0 = Debug|Any CPU
		{8D7A248A-7706-4A21-B880-13A96E5E84C5}.Release|Any CPU.ActiveCfg = Release|Any CPU
		{8D7A248A-7706-4A21-B880-13A96E5E84C5}.Release|Any CPU.Build.0 = Release|Any CPU
		{4787718D-93C6-48A8-89A2-BCCC3FF85564}.Debug|Any CPU.ActiveCfg = Debug|Any CPU
		{4787718D-93C6-48A8-89A2-BCCC3FF85564}.Debug|Any CPU.Build.0 = Debug|Any CPU
		{4787718D-93C6-48A8-89A2-BCCC3FF85564}.Release|Any CPU.ActiveCfg = Release|Any CPU
		{4787718D-93C6-48A8-89A2-BCCC3FF85564}.Release|Any CPU.Build.0 = Release|Any CPU
		{3A7ED42E-5208-4CDC-8BDB-4BDF4E7FA9A4}.Debug|Any CPU.ActiveCfg = Debug|Any CPU
		{3A7ED42E-5208-4CDC-8BDB-4BDF4E7FA9A4}.Debug|Any CPU.Build.0 = Debug|Any CPU
		{3A7ED42E-5208-4CDC-8BDB-4BDF4E7FA9A4}.Release|Any CPU.ActiveCfg = Release|Any CPU
		{3A7ED42E-5208-4CDC-8BDB-4BDF4E7FA9A4}.Release|Any CPU.Build.0 = Release|Any CPU
		{430C05AE-566B-4BD6-8927-A78F1CC33469}.Debug|Any CPU.ActiveCfg = Debug|Any CPU
		{430C05AE-566B-4BD6-8927-A78F1CC33469}.Debug|Any CPU.Build.0 = Debug|Any CPU
		{430C05AE-566B-4BD6-8927-A78F1CC33469}.Release|Any CPU.ActiveCfg = Release|Any CPU
		{430C05AE-566B-4BD6-8927-A78F1CC33469}.Release|Any CPU.Build.0 = Release|Any CPU
		{E0048C89-AA37-4BC9-ACDF-308FFAF193F7}.Debug|Any CPU.ActiveCfg = Debug|Any CPU
		{E0048C89-AA37-4BC9-ACDF-308FFAF193F7}.Debug|Any CPU.Build.0 = Debug|Any CPU
		{E0048C89-AA37-4BC9-ACDF-308FFAF193F7}.Release|Any CPU.ActiveCfg = Release|Any CPU
		{E0048C89-AA37-4BC9-ACDF-308FFAF193F7}.Release|Any CPU.Build.0 = Release|Any CPU
	EndGlobalSection
	GlobalSection(SolutionProperties) = preSolution
		HideSolutionNode = FALSE
	EndGlobalSection
	GlobalSection(NestedProjects) = preSolution
		{A2213374-BB48-48FD-BBD4-81E6A961D866} = {AFAA0841-BD93-466F-B8F4-FB4EEC86F1FC}
		{0FA75A5B-AB83-4FD0-B545-279774C01E87} = {AFAA0841-BD93-466F-B8F4-FB4EEC86F1FC}
		{3870C648-4AEA-4B85-BA3F-F2F63B96136A} = {AFAA0841-BD93-466F-B8F4-FB4EEC86F1FC}
		{DC780BC4-4EAC-4C63-9052-6F3169A59FA4} = {AFAA0841-BD93-466F-B8F4-FB4EEC86F1FC}
		{0D4C5D00-C144-4213-A007-4B8944113AB1} = {F10AA149-2626-486E-85BB-9CD5365F3016}
		{F488C834-B91A-4117-BD4E-C889E6C5617D} = {AFAA0841-BD93-466F-B8F4-FB4EEC86F1FC}
		{29CB663A-00F0-4EB0-8BE6-2B4AC783207E} = {AFAA0841-BD93-466F-B8F4-FB4EEC86F1FC}
		{15734BA8-3FFA-47B1-A347-881C6682D38B} = {AFAA0841-BD93-466F-B8F4-FB4EEC86F1FC}
		{319B7317-72B7-4CBC-8D12-27BD8F02FD82} = {AFAA0841-BD93-466F-B8F4-FB4EEC86F1FC}
		{96EE8D7E-4BD1-4554-BBA9-1B9B05FD8B71} = {AFAA0841-BD93-466F-B8F4-FB4EEC86F1FC}
		{8D7A248A-7706-4A21-B880-13A96E5E84C5} = {F10AA149-2626-486E-85BB-9CD5365F3016}
		{4787718D-93C6-48A8-89A2-BCCC3FF85564} = {AFAA0841-BD93-466F-B8F4-FB4EEC86F1FC}
		{3A7ED42E-5208-4CDC-8BDB-4BDF4E7FA9A4} = {AFAA0841-BD93-466F-B8F4-FB4EEC86F1FC}
		{430C05AE-566B-4BD6-8927-A78F1CC33469} = {AFAA0841-BD93-466F-B8F4-FB4EEC86F1FC}
		{E0048C89-AA37-4BC9-ACDF-308FFAF193F7} = {F10AA149-2626-486E-85BB-9CD5365F3016}
	EndGlobalSection
EndGlobal
